
Microsoft Visual Studio Solution File, Format Version 12.00
# Visual Studio Version 16
VisualStudioVersion = 16.0.31112.23
MinimumVisualStudioVersion = 10.0.40219.1
Project("{FAE04EC0-301F-11D3-BF4B-00C04F79EFBC}") = "CrudSimples", "CrudSimples\CrudSimples.csproj", "{8186EF9E-6470-48B2-8109-9EDD1F760A95}"
EndProject
Global
	GlobalSection(SolutionConfigurationPlatforms) = preSolution
		Debug|Any CPU = Debug|Any CPU
		Release|Any CPU = Release|Any CPU
	EndGlobalSection
	GlobalSection(ProjectConfigurationPlatforms) = postSolution
		{8186EF9E-6470-48B2-8109-9EDD1F760A95}.Debug|Any CPU.ActiveCfg = Debug|Any CPU
		{8186EF9E-6470-48B2-8109-9EDD1F760A95}.Debug|Any CPU.Build.0 = Debug|Any CPU
		{8186EF9E-6470-48B2-8109-9EDD1F760A95}.Release|Any CPU.ActiveCfg = Release|Any CPU
		{8186EF9E-6470-48B2-8109-9EDD1F760A95}.Release|Any CPU.Build.0 = Release|Any CPU
	EndGlobalSection
	GlobalSection(SolutionProperties) = preSolution
		HideSolutionNode = FALSE
	EndGlobalSection
	GlobalSection(ExtensibilityGlobals) = postSolution
		SolutionGuid = {1230EEB8-EC84-4841-81C0-0373952E8544}
	EndGlobalSection
EndGlobal
